// !$*UTF8*$!
{
	archiveVersion = 1;
	classes = {
	};
	objectVersion = 55;
	objects = {

/* Begin PBXBuildFile section */
		8104E7C12768E9C80014CAC0 /* FinalTouchesController.swift in Sources */ = {isa = PBXBuildFile; fileRef = 8104E7C02768E9C80014CAC0 /* FinalTouchesController.swift */; };
		813F4F1E27625B4D00BDC165 /* WelcomeView.swift in Sources */ = {isa = PBXBuildFile; fileRef = 813F4F1D27625B4D00BDC165 /* WelcomeView.swift */; };
		813F4F2027625B5900BDC165 /* DiskSelectionView.swift in Sources */ = {isa = PBXBuildFile; fileRef = 813F4F1F27625B5900BDC165 /* DiskSelectionView.swift */; };
		813F4F2227625B6700BDC165 /* FolderSelectionView.swift in Sources */ = {isa = PBXBuildFile; fileRef = 813F4F2127625B6700BDC165 /* FolderSelectionView.swift */; };
		813F4F2427625B7300BDC165 /* InputRequestView.swift in Sources */ = {isa = PBXBuildFile; fileRef = 813F4F2327625B7300BDC165 /* InputRequestView.swift */; };
		813F4F2627625B7C00BDC165 /* VerificationView.swift in Sources */ = {isa = PBXBuildFile; fileRef = 813F4F2527625B7C00BDC165 /* VerificationView.swift */; };
		813F4F2827625B8400BDC165 /* MigrationView.swift in Sources */ = {isa = PBXBuildFile; fileRef = 813F4F2727625B8400BDC165 /* MigrationView.swift */; };
		813F4F2A27625B8C00BDC165 /* CompleteView.swift in Sources */ = {isa = PBXBuildFile; fileRef = 813F4F2927625B8C00BDC165 /* CompleteView.swift */; };
		813F4F562763BF5C00BDC165 /* main.swift in Sources */ = {isa = PBXBuildFile; fileRef = 813F4F552763BF5C00BDC165 /* main.swift */; };
		813F4F5B2763BF7C00BDC165 /* Migrator Tool in CopyFiles */ = {isa = PBXBuildFile; fileRef = 813F4F532763BF5C00BDC165 /* Migrator Tool */; settings = {ATTRIBUTES = (CodeSignOnCopy, ); }; };
		813F4F5D2763E17900BDC165 /* Logger.swift in Sources */ = {isa = PBXBuildFile; fileRef = 813F4F5C2763E17900BDC165 /* Logger.swift */; };
		813F4F5E2763E17900BDC165 /* Logger.swift in Sources */ = {isa = PBXBuildFile; fileRef = 813F4F5C2763E17900BDC165 /* Logger.swift */; };
		813F4F5F2763E17900BDC165 /* Logger.swift in Sources */ = {isa = PBXBuildFile; fileRef = 813F4F5C2763E17900BDC165 /* Logger.swift */; };
		8148307D275931140014F73B /* ProgressBar.swift in Sources */ = {isa = PBXBuildFile; fileRef = 8148307C275931140014F73B /* ProgressBar.swift */; };
		8148307F275946E40014F73B /* DiskListView.swift in Sources */ = {isa = PBXBuildFile; fileRef = 8148307E275946E40014F73B /* DiskListView.swift */; };
		814830AA275961400014F73B /* Folder.swift in Sources */ = {isa = PBXBuildFile; fileRef = 814830A9275961400014F73B /* Folder.swift */; };
		814830AE275961530014F73B /* FolderView.swift in Sources */ = {isa = PBXBuildFile; fileRef = 814830AD275961530014F73B /* FolderView.swift */; };
		814830B0275961590014F73B /* FolderViewList.swift in Sources */ = {isa = PBXBuildFile; fileRef = 814830AF275961590014F73B /* FolderViewList.swift */; };
		8149B75B2759704200B6E771 /* URLExtension.swift in Sources */ = {isa = PBXBuildFile; fileRef = 8149B75A2759704200B6E771 /* URLExtension.swift */; };
		8149B75D275A579A00B6E771 /* FileManagerExtension.swift in Sources */ = {isa = PBXBuildFile; fileRef = 8149B75C275A579A00B6E771 /* FileManagerExtension.swift */; };
		816DBD132763EC7A00F65A08 /* AppConstants.swift in Sources */ = {isa = PBXBuildFile; fileRef = 816DBD122763EC7A00F65A08 /* AppConstants.swift */; };
		816DBD142763EC7A00F65A08 /* AppConstants.swift in Sources */ = {isa = PBXBuildFile; fileRef = 816DBD122763EC7A00F65A08 /* AppConstants.swift */; };
		816DBD152763EC7A00F65A08 /* AppConstants.swift in Sources */ = {isa = PBXBuildFile; fileRef = 816DBD122763EC7A00F65A08 /* AppConstants.swift */; };
		816DBD172763F5B600F65A08 /* ErrorView.swift in Sources */ = {isa = PBXBuildFile; fileRef = 816DBD162763F5B600F65A08 /* ErrorView.swift */; };
		8178C7062767F420003F2CAF /* ToolExecutionService.swift in Sources */ = {isa = PBXBuildFile; fileRef = 8178C7052767F420003F2CAF /* ToolExecutionService.swift */; };
		818122432745A74300BBE9A3 /* Enterprise_Migration_AssistantApp.swift in Sources */ = {isa = PBXBuildFile; fileRef = 818122422745A74300BBE9A3 /* Enterprise_Migration_AssistantApp.swift */; };
		818122452745A74300BBE9A3 /* ContentView.swift in Sources */ = {isa = PBXBuildFile; fileRef = 818122442745A74300BBE9A3 /* ContentView.swift */; };
		818122472745A74500BBE9A3 /* Assets.xcassets in Resources */ = {isa = PBXBuildFile; fileRef = 818122462745A74500BBE9A3 /* Assets.xcassets */; };
		8181224A2745A74500BBE9A3 /* Preview Assets.xcassets in Resources */ = {isa = PBXBuildFile; fileRef = 818122492745A74500BBE9A3 /* Preview Assets.xcassets */; };
		818122522745A76B00BBE9A3 /* README.md in Resources */ = {isa = PBXBuildFile; fileRef = 818122512745A76B00BBE9A3 /* README.md */; };
		818122542745A89000BBE9A3 /* Disk.swift in Sources */ = {isa = PBXBuildFile; fileRef = 818122532745A89000BBE9A3 /* Disk.swift */; };
		818122582745BF7F00BBE9A3 /* MigrationController.swift in Sources */ = {isa = PBXBuildFile; fileRef = 818122572745BF7F00BBE9A3 /* MigrationController.swift */; };
		8181225A2746E0C000BBE9A3 /* DiskView.swift in Sources */ = {isa = PBXBuildFile; fileRef = 818122592746E0C000BBE9A3 /* DiskView.swift */; };
		818122602747013800BBE9A3 /* User.swift in Sources */ = {isa = PBXBuildFile; fileRef = 8181225F2747013800BBE9A3 /* User.swift */; };
		81A2EFF72760FB5D00F002F3 /* main.swift in Sources */ = {isa = PBXBuildFile; fileRef = 81A2EFF62760FB5D00F002F3 /* main.swift */; };
		81A2EFFD2760FF7000F002F3 /* HelperProtocol.swift in Sources */ = {isa = PBXBuildFile; fileRef = 81A2EFFC2760FF7000F002F3 /* HelperProtocol.swift */; };
		81A2EFFE2760FF7000F002F3 /* HelperProtocol.swift in Sources */ = {isa = PBXBuildFile; fileRef = 81A2EFFC2760FF7000F002F3 /* HelperProtocol.swift */; };
		81A2F0002761010100F002F3 /* RemoteApplicationProtocol.swift in Sources */ = {isa = PBXBuildFile; fileRef = 81A2EFFF2761010100F002F3 /* RemoteApplicationProtocol.swift */; };
		81A2F0012761010100F002F3 /* RemoteApplicationProtocol.swift in Sources */ = {isa = PBXBuildFile; fileRef = 81A2EFFF2761010100F002F3 /* RemoteApplicationProtocol.swift */; };
		81A2F0032761011400F002F3 /* HelperConstants.swift in Sources */ = {isa = PBXBuildFile; fileRef = 81A2F0022761011400F002F3 /* HelperConstants.swift */; };
		81A2F0042761011400F002F3 /* HelperConstants.swift in Sources */ = {isa = PBXBuildFile; fileRef = 81A2F0022761011400F002F3 /* HelperConstants.swift */; };
		81A2F0062761018300F002F3 /* Helper.swift in Sources */ = {isa = PBXBuildFile; fileRef = 81A2F0052761018300F002F3 /* Helper.swift */; };
		81A2F0082761018D00F002F3 /* HelperExecutionService.swift in Sources */ = {isa = PBXBuildFile; fileRef = 81A2F0072761018D00F002F3 /* HelperExecutionService.swift */; };
		81A2F00A2761034F00F002F3 /* Result+Extension.swift in Sources */ = {isa = PBXBuildFile; fileRef = 81A2F0092761034F00F002F3 /* Result+Extension.swift */; };
		81A2F00B2761034F00F002F3 /* Result+Extension.swift in Sources */ = {isa = PBXBuildFile; fileRef = 81A2F0092761034F00F002F3 /* Result+Extension.swift */; };
		81A2F00D2761038000F002F3 /* MigrationError.swift in Sources */ = {isa = PBXBuildFile; fileRef = 81A2F00C2761038000F002F3 /* MigrationError.swift */; };
		81A2F00E2761038000F002F3 /* MigrationError.swift in Sources */ = {isa = PBXBuildFile; fileRef = 81A2F00C2761038000F002F3 /* MigrationError.swift */; };
		81A2F0102761054E00F002F3 /* HelperRemote.swift in Sources */ = {isa = PBXBuildFile; fileRef = 81A2F00F2761054E00F002F3 /* HelperRemote.swift */; };
		81A2F015276108D200F002F3 /* ExecutionService.swift in Sources */ = {isa = PBXBuildFile; fileRef = 81A2F014276108D200F002F3 /* ExecutionService.swift */; };
		81A2F0172761150A00F002F3 /* com.github.cybertunnel.Enterprise-Migration-Assistant.helper in CopyFiles */ = {isa = PBXBuildFile; fileRef = 81A2EFF42760FB5D00F002F3 /* com.github.cybertunnel.Enterprise-Migration-Assistant.helper */; settings = {ATTRIBUTES = (CodeSignOnCopy, ); }; };
/* End PBXBuildFile section */

/* Begin PBXCopyFilesBuildPhase section */
		813F4F512763BF5C00BDC165 /* CopyFiles */ = {
			isa = PBXCopyFilesBuildPhase;
			buildActionMask = 2147483647;
			dstPath = /usr/share/man/man1/;
			dstSubfolderSpec = 0;
			files = (
			);
			runOnlyForDeploymentPostprocessing = 1;
		};
		813F4F5A2763BF6E00BDC165 /* CopyFiles */ = {
			isa = PBXCopyFilesBuildPhase;
			buildActionMask = 2147483647;
			dstPath = "Enterprise Migration Assistant.app/Contents/Resources";
			dstSubfolderSpec = 16;
			files = (
				813F4F5B2763BF7C00BDC165 /* Migrator Tool in CopyFiles */,
			);
			runOnlyForDeploymentPostprocessing = 0;
		};
		81A2EFF22760FB5D00F002F3 /* CopyFiles */ = {
			isa = PBXCopyFilesBuildPhase;
			buildActionMask = 2147483647;
			dstPath = /usr/share/man/man1/;
			dstSubfolderSpec = 0;
			files = (
			);
			runOnlyForDeploymentPostprocessing = 1;
		};
		81A2F016276114E800F002F3 /* CopyFiles */ = {
			isa = PBXCopyFilesBuildPhase;
			buildActionMask = 2147483647;
			dstPath = "Enterprise Migration Assistant.app/Contents/Library/LaunchServices";
			dstSubfolderSpec = 16;
			files = (
				81A2F0172761150A00F002F3 /* com.github.cybertunnel.Enterprise-Migration-Assistant.helper in CopyFiles */,
			);
			runOnlyForDeploymentPostprocessing = 0;
		};
/* End PBXCopyFilesBuildPhase section */

/* Begin PBXFileReference section */
		8104E7C02768E9C80014CAC0 /* FinalTouchesController.swift */ = {isa = PBXFileReference; lastKnownFileType = sourcecode.swift; path = FinalTouchesController.swift; sourceTree = "<group>"; };
		813F4F1D27625B4D00BDC165 /* WelcomeView.swift */ = {isa = PBXFileReference; lastKnownFileType = sourcecode.swift; path = WelcomeView.swift; sourceTree = "<group>"; };
		813F4F1F27625B5900BDC165 /* DiskSelectionView.swift */ = {isa = PBXFileReference; lastKnownFileType = sourcecode.swift; path = DiskSelectionView.swift; sourceTree = "<group>"; };
		813F4F2127625B6700BDC165 /* FolderSelectionView.swift */ = {isa = PBXFileReference; lastKnownFileType = sourcecode.swift; path = FolderSelectionView.swift; sourceTree = "<group>"; };
		813F4F2327625B7300BDC165 /* InputRequestView.swift */ = {isa = PBXFileReference; lastKnownFileType = sourcecode.swift; path = InputRequestView.swift; sourceTree = "<group>"; };
		813F4F2527625B7C00BDC165 /* VerificationView.swift */ = {isa = PBXFileReference; lastKnownFileType = sourcecode.swift; path = VerificationView.swift; sourceTree = "<group>"; };
		813F4F2727625B8400BDC165 /* MigrationView.swift */ = {isa = PBXFileReference; lastKnownFileType = sourcecode.swift; path = MigrationView.swift; sourceTree = "<group>"; };
		813F4F2927625B8C00BDC165 /* CompleteView.swift */ = {isa = PBXFileReference; lastKnownFileType = sourcecode.swift; path = CompleteView.swift; sourceTree = "<group>"; };
		813F4F4E2763B83200BDC165 /* Enterprise-Migration-Assistant-Info.plist */ = {isa = PBXFileReference; lastKnownFileType = text.plist; path = "Enterprise-Migration-Assistant-Info.plist"; sourceTree = SOURCE_ROOT; };
		813F4F532763BF5C00BDC165 /* Migrator Tool */ = {isa = PBXFileReference; explicitFileType = "compiled.mach-o.executable"; includeInIndex = 0; path = "Migrator Tool"; sourceTree = BUILT_PRODUCTS_DIR; };
		813F4F552763BF5C00BDC165 /* main.swift */ = {isa = PBXFileReference; lastKnownFileType = sourcecode.swift; path = main.swift; sourceTree = "<group>"; };
		813F4F5C2763E17900BDC165 /* Logger.swift */ = {isa = PBXFileReference; lastKnownFileType = sourcecode.swift; path = Logger.swift; sourceTree = "<group>"; };
		8148307C275931140014F73B /* ProgressBar.swift */ = {isa = PBXFileReference; lastKnownFileType = sourcecode.swift; path = ProgressBar.swift; sourceTree = "<group>"; };
		8148307E275946E40014F73B /* DiskListView.swift */ = {isa = PBXFileReference; lastKnownFileType = sourcecode.swift; path = DiskListView.swift; sourceTree = "<group>"; };
		814830A9275961400014F73B /* Folder.swift */ = {isa = PBXFileReference; lastKnownFileType = sourcecode.swift; path = Folder.swift; sourceTree = "<group>"; };
		814830AD275961530014F73B /* FolderView.swift */ = {isa = PBXFileReference; lastKnownFileType = sourcecode.swift; path = FolderView.swift; sourceTree = "<group>"; };
		814830AF275961590014F73B /* FolderViewList.swift */ = {isa = PBXFileReference; lastKnownFileType = sourcecode.swift; path = FolderViewList.swift; sourceTree = "<group>"; };
		8149B75A2759704200B6E771 /* URLExtension.swift */ = {isa = PBXFileReference; lastKnownFileType = sourcecode.swift; path = URLExtension.swift; sourceTree = "<group>"; };
		8149B75C275A579A00B6E771 /* FileManagerExtension.swift */ = {isa = PBXFileReference; lastKnownFileType = sourcecode.swift; path = FileManagerExtension.swift; sourceTree = "<group>"; };
		816DBD122763EC7A00F65A08 /* AppConstants.swift */ = {isa = PBXFileReference; lastKnownFileType = sourcecode.swift; path = AppConstants.swift; sourceTree = "<group>"; };
		816DBD162763F5B600F65A08 /* ErrorView.swift */ = {isa = PBXFileReference; lastKnownFileType = sourcecode.swift; path = ErrorView.swift; sourceTree = "<group>"; };
		8178C7052767F420003F2CAF /* ToolExecutionService.swift */ = {isa = PBXFileReference; lastKnownFileType = sourcecode.swift; path = ToolExecutionService.swift; sourceTree = "<group>"; };
		8181223F2745A74300BBE9A3 /* Enterprise Migration Assistant.app */ = {isa = PBXFileReference; explicitFileType = wrapper.application; includeInIndex = 0; path = "Enterprise Migration Assistant.app"; sourceTree = BUILT_PRODUCTS_DIR; };
		818122422745A74300BBE9A3 /* Enterprise_Migration_AssistantApp.swift */ = {isa = PBXFileReference; lastKnownFileType = sourcecode.swift; path = Enterprise_Migration_AssistantApp.swift; sourceTree = "<group>"; };
		818122442745A74300BBE9A3 /* ContentView.swift */ = {isa = PBXFileReference; lastKnownFileType = sourcecode.swift; path = ContentView.swift; sourceTree = "<group>"; };
		818122462745A74500BBE9A3 /* Assets.xcassets */ = {isa = PBXFileReference; lastKnownFileType = folder.assetcatalog; path = Assets.xcassets; sourceTree = "<group>"; };
		818122492745A74500BBE9A3 /* Preview Assets.xcassets */ = {isa = PBXFileReference; lastKnownFileType = folder.assetcatalog; path = "Preview Assets.xcassets"; sourceTree = "<group>"; };
		8181224B2745A74500BBE9A3 /* Enterprise_Migration_Assistant.entitlements */ = {isa = PBXFileReference; lastKnownFileType = text.plist.entitlements; path = Enterprise_Migration_Assistant.entitlements; sourceTree = "<group>"; };
		818122512745A76B00BBE9A3 /* README.md */ = {isa = PBXFileReference; fileEncoding = 4; lastKnownFileType = net.daringfireball.markdown; path = README.md; sourceTree = SOURCE_ROOT; };
		818122532745A89000BBE9A3 /* Disk.swift */ = {isa = PBXFileReference; lastKnownFileType = sourcecode.swift; path = Disk.swift; sourceTree = "<group>"; };
		818122572745BF7F00BBE9A3 /* MigrationController.swift */ = {isa = PBXFileReference; lastKnownFileType = sourcecode.swift; path = MigrationController.swift; sourceTree = "<group>"; };
		818122592746E0C000BBE9A3 /* DiskView.swift */ = {isa = PBXFileReference; lastKnownFileType = sourcecode.swift; path = DiskView.swift; sourceTree = "<group>"; };
		8181225F2747013800BBE9A3 /* User.swift */ = {isa = PBXFileReference; lastKnownFileType = sourcecode.swift; path = User.swift; sourceTree = "<group>"; };
		81A2EFF42760FB5D00F002F3 /* com.github.cybertunnel.Enterprise-Migration-Assistant.helper */ = {isa = PBXFileReference; explicitFileType = "compiled.mach-o.executable"; includeInIndex = 0; path = "com.github.cybertunnel.Enterprise-Migration-Assistant.helper"; sourceTree = BUILT_PRODUCTS_DIR; };
		81A2EFF62760FB5D00F002F3 /* main.swift */ = {isa = PBXFileReference; lastKnownFileType = sourcecode.swift; path = main.swift; sourceTree = "<group>"; };
		81A2EFFB2760FEE800F002F3 /* Info.plist */ = {isa = PBXFileReference; lastKnownFileType = text.plist.xml; path = Info.plist; sourceTree = "<group>"; };
		81A2EFFC2760FF7000F002F3 /* HelperProtocol.swift */ = {isa = PBXFileReference; lastKnownFileType = sourcecode.swift; path = HelperProtocol.swift; sourceTree = "<group>"; };
		81A2EFFF2761010100F002F3 /* RemoteApplicationProtocol.swift */ = {isa = PBXFileReference; lastKnownFileType = sourcecode.swift; path = RemoteApplicationProtocol.swift; sourceTree = "<group>"; };
		81A2F0022761011400F002F3 /* HelperConstants.swift */ = {isa = PBXFileReference; lastKnownFileType = sourcecode.swift; path = HelperConstants.swift; sourceTree = "<group>"; };
		81A2F0052761018300F002F3 /* Helper.swift */ = {isa = PBXFileReference; lastKnownFileType = sourcecode.swift; path = Helper.swift; sourceTree = "<group>"; };
		81A2F0072761018D00F002F3 /* HelperExecutionService.swift */ = {isa = PBXFileReference; lastKnownFileType = sourcecode.swift; path = HelperExecutionService.swift; sourceTree = "<group>"; };
		81A2F0092761034F00F002F3 /* Result+Extension.swift */ = {isa = PBXFileReference; lastKnownFileType = sourcecode.swift; path = "Result+Extension.swift"; sourceTree = "<group>"; };
		81A2F00C2761038000F002F3 /* MigrationError.swift */ = {isa = PBXFileReference; lastKnownFileType = sourcecode.swift; path = MigrationError.swift; sourceTree = "<group>"; };
		81A2F00F2761054E00F002F3 /* HelperRemote.swift */ = {isa = PBXFileReference; lastKnownFileType = sourcecode.swift; path = HelperRemote.swift; sourceTree = "<group>"; };
		81A2F0112761081300F002F3 /* Launchd.plist */ = {isa = PBXFileReference; lastKnownFileType = text.plist.xml; path = Launchd.plist; sourceTree = "<group>"; };
		81A2F014276108D200F002F3 /* ExecutionService.swift */ = {isa = PBXFileReference; lastKnownFileType = sourcecode.swift; path = ExecutionService.swift; sourceTree = "<group>"; };
/* End PBXFileReference section */

/* Begin PBXFrameworksBuildPhase section */
		813F4F502763BF5C00BDC165 /* Frameworks */ = {
			isa = PBXFrameworksBuildPhase;
			buildActionMask = 2147483647;
			files = (
			);
			runOnlyForDeploymentPostprocessing = 0;
		};
		8181223C2745A74300BBE9A3 /* Frameworks */ = {
			isa = PBXFrameworksBuildPhase;
			buildActionMask = 2147483647;
			files = (
			);
			runOnlyForDeploymentPostprocessing = 0;
		};
		81A2EFF12760FB5D00F002F3 /* Frameworks */ = {
			isa = PBXFrameworksBuildPhase;
			buildActionMask = 2147483647;
			files = (
			);
			runOnlyForDeploymentPostprocessing = 0;
		};
/* End PBXFrameworksBuildPhase section */

/* Begin PBXGroup section */
		813F4F1C27625B2F00BDC165 /* Migration Step Views */ = {
			isa = PBXGroup;
			children = (
				813F4F1D27625B4D00BDC165 /* WelcomeView.swift */,
				813F4F1F27625B5900BDC165 /* DiskSelectionView.swift */,
				813F4F2127625B6700BDC165 /* FolderSelectionView.swift */,
				813F4F2327625B7300BDC165 /* InputRequestView.swift */,
				813F4F2527625B7C00BDC165 /* VerificationView.swift */,
				813F4F2727625B8400BDC165 /* MigrationView.swift */,
				813F4F2927625B8C00BDC165 /* CompleteView.swift */,
			);
			path = "Migration Step Views";
			sourceTree = "<group>";
		};
		813F4F542763BF5C00BDC165 /* Migrator Tool */ = {
			isa = PBXGroup;
			children = (
				813F4F552763BF5C00BDC165 /* main.swift */,
				8104E7C02768E9C80014CAC0 /* FinalTouchesController.swift */,
				8178C7052767F420003F2CAF /* ToolExecutionService.swift */,
			);
			path = "Migrator Tool";
			sourceTree = "<group>";
		};
		8149B779275A826F00B6E771 /* Views */ = {
			isa = PBXGroup;
			children = (
				813F4F1C27625B2F00BDC165 /* Migration Step Views */,
				818122442745A74300BBE9A3 /* ContentView.swift */,
				814830AD275961530014F73B /* FolderView.swift */,
				814830AF275961590014F73B /* FolderViewList.swift */,
				818122592746E0C000BBE9A3 /* DiskView.swift */,
				8148307E275946E40014F73B /* DiskListView.swift */,
				8148307C275931140014F73B /* ProgressBar.swift */,
				816DBD162763F5B600F65A08 /* ErrorView.swift */,
			);
			path = Views;
			sourceTree = "<group>";
		};
		8149B77A275A827700B6E771 /* Controllers */ = {
			isa = PBXGroup;
			children = (
				818122572745BF7F00BBE9A3 /* MigrationController.swift */,
			);
			path = Controllers;
			sourceTree = "<group>";
		};
		8149B77B275A827F00B6E771 /* Models */ = {
			isa = PBXGroup;
			children = (
				8181225F2747013800BBE9A3 /* User.swift */,
				818122532745A89000BBE9A3 /* Disk.swift */,
				814830A9275961400014F73B /* Folder.swift */,
			);
			path = Models;
			sourceTree = "<group>";
		};
		818122362745A74300BBE9A3 = {
			isa = PBXGroup;
			children = (
				818122412745A74300BBE9A3 /* Enterprise Migration Assistant */,
				81A2EFF52760FB5D00F002F3 /* Helper */,
				813F4F542763BF5C00BDC165 /* Migrator Tool */,
				818122402745A74300BBE9A3 /* Products */,
			);
			sourceTree = "<group>";
		};
		818122402745A74300BBE9A3 /* Products */ = {
			isa = PBXGroup;
			children = (
				8181223F2745A74300BBE9A3 /* Enterprise Migration Assistant.app */,
				81A2EFF42760FB5D00F002F3 /* com.github.cybertunnel.Enterprise-Migration-Assistant.helper */,
				813F4F532763BF5C00BDC165 /* Migrator Tool */,
			);
			name = Products;
			sourceTree = "<group>";
		};
		818122412745A74300BBE9A3 /* Enterprise Migration Assistant */ = {
			isa = PBXGroup;
			children = (
				813F4F4E2763B83200BDC165 /* Enterprise-Migration-Assistant-Info.plist */,
				8149B77B275A827F00B6E771 /* Models */,
				8149B77A275A827700B6E771 /* Controllers */,
				8149B779275A826F00B6E771 /* Views */,
				818122422745A74300BBE9A3 /* Enterprise_Migration_AssistantApp.swift */,
				8149B75A2759704200B6E771 /* URLExtension.swift */,
				8149B75C275A579A00B6E771 /* FileManagerExtension.swift */,
				818122512745A76B00BBE9A3 /* README.md */,
				818122462745A74500BBE9A3 /* Assets.xcassets */,
				8181224B2745A74500BBE9A3 /* Enterprise_Migration_Assistant.entitlements */,
				818122482745A74500BBE9A3 /* Preview Content */,
				81A2F0092761034F00F002F3 /* Result+Extension.swift */,
				816DBD122763EC7A00F65A08 /* AppConstants.swift */,
				81A2F014276108D200F002F3 /* ExecutionService.swift */,
				81A2F00F2761054E00F002F3 /* HelperRemote.swift */,
				81A2F00C2761038000F002F3 /* MigrationError.swift */,
				813F4F5C2763E17900BDC165 /* Logger.swift */,
			);
			path = "Enterprise Migration Assistant";
			sourceTree = "<group>";
		};
		818122482745A74500BBE9A3 /* Preview Content */ = {
			isa = PBXGroup;
			children = (
				818122492745A74500BBE9A3 /* Preview Assets.xcassets */,
			);
			path = "Preview Content";
			sourceTree = "<group>";
		};
		81A2EFF52760FB5D00F002F3 /* Helper */ = {
			isa = PBXGroup;
			children = (
				81A2EFF62760FB5D00F002F3 /* main.swift */,
				81A2EFFC2760FF7000F002F3 /* HelperProtocol.swift */,
				81A2EFFF2761010100F002F3 /* RemoteApplicationProtocol.swift */,
				81A2F0022761011400F002F3 /* HelperConstants.swift */,
				81A2F0052761018300F002F3 /* Helper.swift */,
				81A2F0112761081300F002F3 /* Launchd.plist */,
				81A2F0072761018D00F002F3 /* HelperExecutionService.swift */,
				81A2EFFB2760FEE800F002F3 /* Info.plist */,
			);
			path = Helper;
			sourceTree = "<group>";
		};
/* End PBXGroup section */

/* Begin PBXNativeTarget section */
		813F4F522763BF5C00BDC165 /* Migrator Tool */ = {
			isa = PBXNativeTarget;
			buildConfigurationList = 813F4F572763BF5C00BDC165 /* Build configuration list for PBXNativeTarget "Migrator Tool" */;
			buildPhases = (
				813F4F4F2763BF5C00BDC165 /* Sources */,
				813F4F502763BF5C00BDC165 /* Frameworks */,
				813F4F512763BF5C00BDC165 /* CopyFiles */,
			);
			buildRules = (
			);
			dependencies = (
			);
			name = "Migrator Tool";
			productName = "Migrator Tool";
			productReference = 813F4F532763BF5C00BDC165 /* Migrator Tool */;
			productType = "com.apple.product-type.tool";
		};
		8181223E2745A74300BBE9A3 /* Enterprise Migration Assistant */ = {
			isa = PBXNativeTarget;
			buildConfigurationList = 8181224E2745A74500BBE9A3 /* Build configuration list for PBXNativeTarget "Enterprise Migration Assistant" */;
			buildPhases = (
				8181223B2745A74300BBE9A3 /* Sources */,
				8181223C2745A74300BBE9A3 /* Frameworks */,
				8181223D2745A74300BBE9A3 /* Resources */,
				81A2F016276114E800F002F3 /* CopyFiles */,
				813F4F5A2763BF6E00BDC165 /* CopyFiles */,
			);
			buildRules = (
			);
			dependencies = (
			);
			name = "Enterprise Migration Assistant";
			productName = "Enterprise Migration Assistant";
			productReference = 8181223F2745A74300BBE9A3 /* Enterprise Migration Assistant.app */;
			productType = "com.apple.product-type.application";
		};
		81A2EFF32760FB5D00F002F3 /* com.github.cybertunnel.Enterprise-Migration-Assistant.helper */ = {
			isa = PBXNativeTarget;
			buildConfigurationList = 81A2EFFA2760FB5D00F002F3 /* Build configuration list for PBXNativeTarget "com.github.cybertunnel.Enterprise-Migration-Assistant.helper" */;
			buildPhases = (
				81A2EFF02760FB5D00F002F3 /* Sources */,
				81A2EFF12760FB5D00F002F3 /* Frameworks */,
				81A2EFF22760FB5D00F002F3 /* CopyFiles */,
			);
			buildRules = (
			);
			dependencies = (
			);
			name = "com.github.cybertunnel.Enterprise-Migration-Assistant.helper";
			productName = Helper;
			productReference = 81A2EFF42760FB5D00F002F3 /* com.github.cybertunnel.Enterprise-Migration-Assistant.helper */;
			productType = "com.apple.product-type.tool";
		};
/* End PBXNativeTarget section */

/* Begin PBXProject section */
		818122372745A74300BBE9A3 /* Project object */ = {
			isa = PBXProject;
			attributes = {
				BuildIndependentTargetsInParallel = 1;
				LastSwiftUpdateCheck = 1310;
				LastUpgradeCheck = 1310;
				TargetAttributes = {
					813F4F522763BF5C00BDC165 = {
						CreatedOnToolsVersion = 13.1;
					};
					8181223E2745A74300BBE9A3 = {
						CreatedOnToolsVersion = 13.1;
					};
					81A2EFF32760FB5D00F002F3 = {
						CreatedOnToolsVersion = 13.1;
					};
				};
			};
			buildConfigurationList = 8181223A2745A74300BBE9A3 /* Build configuration list for PBXProject "Enterprise Migration Assistant" */;
			compatibilityVersion = "Xcode 13.0";
			developmentRegion = en;
			hasScannedForEncodings = 0;
			knownRegions = (
				en,
				Base,
			);
			mainGroup = 818122362745A74300BBE9A3;
			productRefGroup = 818122402745A74300BBE9A3 /* Products */;
			projectDirPath = "";
			projectRoot = "";
			targets = (
				8181223E2745A74300BBE9A3 /* Enterprise Migration Assistant */,
				81A2EFF32760FB5D00F002F3 /* com.github.cybertunnel.Enterprise-Migration-Assistant.helper */,
				813F4F522763BF5C00BDC165 /* Migrator Tool */,
			);
		};
/* End PBXProject section */

/* Begin PBXResourcesBuildPhase section */
		8181223D2745A74300BBE9A3 /* Resources */ = {
			isa = PBXResourcesBuildPhase;
			buildActionMask = 2147483647;
			files = (
				818122522745A76B00BBE9A3 /* README.md in Resources */,
				8181224A2745A74500BBE9A3 /* Preview Assets.xcassets in Resources */,
				818122472745A74500BBE9A3 /* Assets.xcassets in Resources */,
			);
			runOnlyForDeploymentPostprocessing = 0;
		};
/* End PBXResourcesBuildPhase section */

/* Begin PBXSourcesBuildPhase section */
		813F4F4F2763BF5C00BDC165 /* Sources */ = {
			isa = PBXSourcesBuildPhase;
			buildActionMask = 2147483647;
			files = (
				8178C7062767F420003F2CAF /* ToolExecutionService.swift in Sources */,
				813F4F562763BF5C00BDC165 /* main.swift in Sources */,
				8104E7C12768E9C80014CAC0 /* FinalTouchesController.swift in Sources */,
				816DBD152763EC7A00F65A08 /* AppConstants.swift in Sources */,
				813F4F5F2763E17900BDC165 /* Logger.swift in Sources */,
			);
			runOnlyForDeploymentPostprocessing = 0;
		};
		8181223B2745A74300BBE9A3 /* Sources */ = {
			isa = PBXSourcesBuildPhase;
			buildActionMask = 2147483647;
			files = (
				818122542745A89000BBE9A3 /* Disk.swift in Sources */,
				813F4F2A27625B8C00BDC165 /* CompleteView.swift in Sources */,
				81A2F0032761011400F002F3 /* HelperConstants.swift in Sources */,
				81A2EFFD2760FF7000F002F3 /* HelperProtocol.swift in Sources */,
				81A2F00D2761038000F002F3 /* MigrationError.swift in Sources */,
				81A2F015276108D200F002F3 /* ExecutionService.swift in Sources */,
				8149B75B2759704200B6E771 /* URLExtension.swift in Sources */,
				813F4F2427625B7300BDC165 /* InputRequestView.swift in Sources */,
				813F4F1E27625B4D00BDC165 /* WelcomeView.swift in Sources */,
				8181225A2746E0C000BBE9A3 /* DiskView.swift in Sources */,
				814830AE275961530014F73B /* FolderView.swift in Sources */,
				813F4F5D2763E17900BDC165 /* Logger.swift in Sources */,
				818122582745BF7F00BBE9A3 /* MigrationController.swift in Sources */,
				818122452745A74300BBE9A3 /* ContentView.swift in Sources */,
				814830AA275961400014F73B /* Folder.swift in Sources */,
				813F4F2627625B7C00BDC165 /* VerificationView.swift in Sources */,
				813F4F2027625B5900BDC165 /* DiskSelectionView.swift in Sources */,
				8148307D275931140014F73B /* ProgressBar.swift in Sources */,
				818122602747013800BBE9A3 /* User.swift in Sources */,
				813F4F2227625B6700BDC165 /* FolderSelectionView.swift in Sources */,
				813F4F2827625B8400BDC165 /* MigrationView.swift in Sources */,
				81A2F0002761010100F002F3 /* RemoteApplicationProtocol.swift in Sources */,
				81A2F00A2761034F00F002F3 /* Result+Extension.swift in Sources */,
				8149B75D275A579A00B6E771 /* FileManagerExtension.swift in Sources */,
				818122432745A74300BBE9A3 /* Enterprise_Migration_AssistantApp.swift in Sources */,
				816DBD172763F5B600F65A08 /* ErrorView.swift in Sources */,
				8148307F275946E40014F73B /* DiskListView.swift in Sources */,
				816DBD132763EC7A00F65A08 /* AppConstants.swift in Sources */,
				814830B0275961590014F73B /* FolderViewList.swift in Sources */,
				81A2F0102761054E00F002F3 /* HelperRemote.swift in Sources */,
			);
			runOnlyForDeploymentPostprocessing = 0;
		};
		81A2EFF02760FB5D00F002F3 /* Sources */ = {
			isa = PBXSourcesBuildPhase;
			buildActionMask = 2147483647;
			files = (
				81A2EFF72760FB5D00F002F3 /* main.swift in Sources */,
				81A2F0042761011400F002F3 /* HelperConstants.swift in Sources */,
				81A2F0082761018D00F002F3 /* HelperExecutionService.swift in Sources */,
				81A2F00E2761038000F002F3 /* MigrationError.swift in Sources */,
				813F4F5E2763E17900BDC165 /* Logger.swift in Sources */,
				81A2F0062761018300F002F3 /* Helper.swift in Sources */,
				81A2EFFE2760FF7000F002F3 /* HelperProtocol.swift in Sources */,
				81A2F0012761010100F002F3 /* RemoteApplicationProtocol.swift in Sources */,
				81A2F00B2761034F00F002F3 /* Result+Extension.swift in Sources */,
				816DBD142763EC7A00F65A08 /* AppConstants.swift in Sources */,
			);
			runOnlyForDeploymentPostprocessing = 0;
		};
/* End PBXSourcesBuildPhase section */

/* Begin XCBuildConfiguration section */
		813F4F582763BF5C00BDC165 /* Debug */ = {
			isa = XCBuildConfiguration;
			buildSettings = {
				CODE_SIGN_STYLE = Automatic;
				DEVELOPMENT_TEAM = 55JHL22EU7;
				ENABLE_HARDENED_RUNTIME = YES;
				PRODUCT_NAME = "$(TARGET_NAME)";
				SWIFT_VERSION = 5.0;
			};
			name = Debug;
		};
		813F4F592763BF5C00BDC165 /* Release */ = {
			isa = XCBuildConfiguration;
			buildSettings = {
				CODE_SIGN_STYLE = Automatic;
				DEVELOPMENT_TEAM = 55JHL22EU7;
				ENABLE_HARDENED_RUNTIME = YES;
				PRODUCT_NAME = "$(TARGET_NAME)";
				SWIFT_VERSION = 5.0;
			};
			name = Release;
		};
		8181224C2745A74500BBE9A3 /* Debug */ = {
			isa = XCBuildConfiguration;
			buildSettings = {
				ALWAYS_SEARCH_USER_PATHS = NO;
				CLANG_ANALYZER_NONNULL = YES;
				CLANG_ANALYZER_NUMBER_OBJECT_CONVERSION = YES_AGGRESSIVE;
				CLANG_CXX_LANGUAGE_STANDARD = "gnu++17";
				CLANG_CXX_LIBRARY = "libc++";
				CLANG_ENABLE_MODULES = YES;
				CLANG_ENABLE_OBJC_ARC = YES;
				CLANG_ENABLE_OBJC_WEAK = YES;
				CLANG_WARN_BLOCK_CAPTURE_AUTORELEASING = YES;
				CLANG_WARN_BOOL_CONVERSION = YES;
				CLANG_WARN_COMMA = YES;
				CLANG_WARN_CONSTANT_CONVERSION = YES;
				CLANG_WARN_DEPRECATED_OBJC_IMPLEMENTATIONS = YES;
				CLANG_WARN_DIRECT_OBJC_ISA_USAGE = YES_ERROR;
				CLANG_WARN_DOCUMENTATION_COMMENTS = YES;
				CLANG_WARN_EMPTY_BODY = YES;
				CLANG_WARN_ENUM_CONVERSION = YES;
				CLANG_WARN_INFINITE_RECURSION = YES;
				CLANG_WARN_INT_CONVERSION = YES;
				CLANG_WARN_NON_LITERAL_NULL_CONVERSION = YES;
				CLANG_WARN_OBJC_IMPLICIT_RETAIN_SELF = YES;
				CLANG_WARN_OBJC_LITERAL_CONVERSION = YES;
				CLANG_WARN_OBJC_ROOT_CLASS = YES_ERROR;
				CLANG_WARN_QUOTED_INCLUDE_IN_FRAMEWORK_HEADER = YES;
				CLANG_WARN_RANGE_LOOP_ANALYSIS = YES;
				CLANG_WARN_STRICT_PROTOTYPES = YES;
				CLANG_WARN_SUSPICIOUS_MOVE = YES;
				CLANG_WARN_UNGUARDED_AVAILABILITY = YES_AGGRESSIVE;
				CLANG_WARN_UNREACHABLE_CODE = YES;
				CLANG_WARN__DUPLICATE_METHOD_MATCH = YES;
				COPY_PHASE_STRIP = NO;
				DEBUG_INFORMATION_FORMAT = dwarf;
				ENABLE_STRICT_OBJC_MSGSEND = YES;
				ENABLE_TESTABILITY = YES;
				GCC_C_LANGUAGE_STANDARD = gnu11;
				GCC_DYNAMIC_NO_PIC = NO;
				GCC_NO_COMMON_BLOCKS = YES;
				GCC_OPTIMIZATION_LEVEL = 0;
				GCC_PREPROCESSOR_DEFINITIONS = (
					"DEBUG=1",
					"$(inherited)",
				);
				GCC_WARN_64_TO_32_BIT_CONVERSION = YES;
				GCC_WARN_ABOUT_RETURN_TYPE = YES_ERROR;
				GCC_WARN_UNDECLARED_SELECTOR = YES;
				GCC_WARN_UNINITIALIZED_AUTOS = YES_AGGRESSIVE;
				GCC_WARN_UNUSED_FUNCTION = YES;
				GCC_WARN_UNUSED_VARIABLE = YES;
				MACOSX_DEPLOYMENT_TARGET = 11.6;
				MTL_ENABLE_DEBUG_INFO = INCLUDE_SOURCE;
				MTL_FAST_MATH = YES;
				ONLY_ACTIVE_ARCH = YES;
				SDKROOT = macosx;
				SWIFT_ACTIVE_COMPILATION_CONDITIONS = DEBUG;
				SWIFT_OPTIMIZATION_LEVEL = "-Onone";
			};
			name = Debug;
		};
		8181224D2745A74500BBE9A3 /* Release */ = {
			isa = XCBuildConfiguration;
			buildSettings = {
				ALWAYS_SEARCH_USER_PATHS = NO;
				CLANG_ANALYZER_NONNULL = YES;
				CLANG_ANALYZER_NUMBER_OBJECT_CONVERSION = YES_AGGRESSIVE;
				CLANG_CXX_LANGUAGE_STANDARD = "gnu++17";
				CLANG_CXX_LIBRARY = "libc++";
				CLANG_ENABLE_MODULES = YES;
				CLANG_ENABLE_OBJC_ARC = YES;
				CLANG_ENABLE_OBJC_WEAK = YES;
				CLANG_WARN_BLOCK_CAPTURE_AUTORELEASING = YES;
				CLANG_WARN_BOOL_CONVERSION = YES;
				CLANG_WARN_COMMA = YES;
				CLANG_WARN_CONSTANT_CONVERSION = YES;
				CLANG_WARN_DEPRECATED_OBJC_IMPLEMENTATIONS = YES;
				CLANG_WARN_DIRECT_OBJC_ISA_USAGE = YES_ERROR;
				CLANG_WARN_DOCUMENTATION_COMMENTS = YES;
				CLANG_WARN_EMPTY_BODY = YES;
				CLANG_WARN_ENUM_CONVERSION = YES;
				CLANG_WARN_INFINITE_RECURSION = YES;
				CLANG_WARN_INT_CONVERSION = YES;
				CLANG_WARN_NON_LITERAL_NULL_CONVERSION = YES;
				CLANG_WARN_OBJC_IMPLICIT_RETAIN_SELF = YES;
				CLANG_WARN_OBJC_LITERAL_CONVERSION = YES;
				CLANG_WARN_OBJC_ROOT_CLASS = YES_ERROR;
				CLANG_WARN_QUOTED_INCLUDE_IN_FRAMEWORK_HEADER = YES;
				CLANG_WARN_RANGE_LOOP_ANALYSIS = YES;
				CLANG_WARN_STRICT_PROTOTYPES = YES;
				CLANG_WARN_SUSPICIOUS_MOVE = YES;
				CLANG_WARN_UNGUARDED_AVAILABILITY = YES_AGGRESSIVE;
				CLANG_WARN_UNREACHABLE_CODE = YES;
				CLANG_WARN__DUPLICATE_METHOD_MATCH = YES;
				COPY_PHASE_STRIP = NO;
				DEBUG_INFORMATION_FORMAT = "dwarf-with-dsym";
				ENABLE_NS_ASSERTIONS = NO;
				ENABLE_STRICT_OBJC_MSGSEND = YES;
				GCC_C_LANGUAGE_STANDARD = gnu11;
				GCC_NO_COMMON_BLOCKS = YES;
				GCC_WARN_64_TO_32_BIT_CONVERSION = YES;
				GCC_WARN_ABOUT_RETURN_TYPE = YES_ERROR;
				GCC_WARN_UNDECLARED_SELECTOR = YES;
				GCC_WARN_UNINITIALIZED_AUTOS = YES_AGGRESSIVE;
				GCC_WARN_UNUSED_FUNCTION = YES;
				GCC_WARN_UNUSED_VARIABLE = YES;
				MACOSX_DEPLOYMENT_TARGET = 11.6;
				MTL_ENABLE_DEBUG_INFO = NO;
				MTL_FAST_MATH = YES;
				SDKROOT = macosx;
				SWIFT_COMPILATION_MODE = wholemodule;
				SWIFT_OPTIMIZATION_LEVEL = "-O";
			};
			name = Release;
		};
		8181224F2745A74500BBE9A3 /* Debug */ = {
			isa = XCBuildConfiguration;
			buildSettings = {
				ASSETCATALOG_COMPILER_APPICON_NAME = AppIcon;
				ASSETCATALOG_COMPILER_GLOBAL_ACCENT_COLOR_NAME = AccentColor;
				CODE_SIGN_ENTITLEMENTS = "Enterprise Migration Assistant/Enterprise_Migration_Assistant.entitlements";
				CODE_SIGN_STYLE = Automatic;
				COMBINE_HIDPI_IMAGES = YES;
				CURRENT_PROJECT_VERSION = 1;
				DEVELOPMENT_ASSET_PATHS = "\"Enterprise Migration Assistant/Preview Content\"";
				DEVELOPMENT_TEAM = 55JHL22EU7;
				ENABLE_HARDENED_RUNTIME = YES;
				ENABLE_PREVIEWS = YES;
				GENERATE_INFOPLIST_FILE = YES;
				INFOPLIST_FILE = "Enterprise-Migration-Assistant-Info.plist";
				INFOPLIST_KEY_NSHumanReadableCopyright = "";
				LD_RUNPATH_SEARCH_PATHS = (
					"$(inherited)",
					"@executable_path/../Frameworks",
				);
				MACOSX_DEPLOYMENT_TARGET = 11.0;
				MARKETING_VERSION = 1.0;
				PRODUCT_BUNDLE_IDENTIFIER = "com.github.cybertunnel.Enterprise-Migration-Assistant";
				PRODUCT_NAME = "$(TARGET_NAME)";
				SWIFT_EMIT_LOC_STRINGS = YES;
				SWIFT_VERSION = 5.0;
			};
			name = Debug;
		};
		818122502745A74500BBE9A3 /* Release */ = {
			isa = XCBuildConfiguration;
			buildSettings = {
				ASSETCATALOG_COMPILER_APPICON_NAME = AppIcon;
				ASSETCATALOG_COMPILER_GLOBAL_ACCENT_COLOR_NAME = AccentColor;
				CODE_SIGN_ENTITLEMENTS = "Enterprise Migration Assistant/Enterprise_Migration_Assistant.entitlements";
				CODE_SIGN_STYLE = Automatic;
				COMBINE_HIDPI_IMAGES = YES;
				CURRENT_PROJECT_VERSION = 1;
				DEVELOPMENT_ASSET_PATHS = "\"Enterprise Migration Assistant/Preview Content\"";
				DEVELOPMENT_TEAM = 55JHL22EU7;
				ENABLE_HARDENED_RUNTIME = YES;
				ENABLE_PREVIEWS = YES;
				GENERATE_INFOPLIST_FILE = YES;
				INFOPLIST_FILE = "Enterprise-Migration-Assistant-Info.plist";
				INFOPLIST_KEY_NSHumanReadableCopyright = "";
				LD_RUNPATH_SEARCH_PATHS = (
					"$(inherited)",
					"@executable_path/../Frameworks",
				);
				MACOSX_DEPLOYMENT_TARGET = 11.0;
				MARKETING_VERSION = 1.0;
				PRODUCT_BUNDLE_IDENTIFIER = "com.github.cybertunnel.Enterprise-Migration-Assistant";
				PRODUCT_NAME = "$(TARGET_NAME)";
				SWIFT_EMIT_LOC_STRINGS = YES;
				SWIFT_VERSION = 5.0;
			};
			name = Release;
		};
		81A2EFF82760FB5D00F002F3 /* Debug */ = {
			isa = XCBuildConfiguration;
			buildSettings = {
				CODE_SIGN_STYLE = Automatic;
				CURRENT_PROJECT_VERSION = 1;
				DEVELOPMENT_TEAM = 55JHL22EU7;
				ENABLE_HARDENED_RUNTIME = YES;
				INFOPLIST_FILE = "$(SRCROOT)/Helper/Info.plist";
				MACOSX_DEPLOYMENT_TARGET = 11.0;
				MARKETING_VERSION = 0.05;
				OTHER_LDFLAGS = (
					"-sectcreate",
					__TEXT,
					__info_plist,
					"\"$(SRCROOT)/Helper/Info.plist\"",
					"-sectcreate",
					__TEXT,
					__launchd_plist,
					"\"$(SRCROOT)/Helper/Launchd.plist\"",
				);
				PRODUCT_NAME = "$(TARGET_NAME)";
				SWIFT_VERSION = 5.0;
			};
			name = Debug;
		};
		81A2EFF92760FB5D00F002F3 /* Release */ = {
			isa = XCBuildConfiguration;
			buildSettings = {
				CODE_SIGN_STYLE = Automatic;
				CURRENT_PROJECT_VERSION = 1;
				DEVELOPMENT_TEAM = 55JHL22EU7;
				ENABLE_HARDENED_RUNTIME = YES;
				INFOPLIST_FILE = "$(SRCROOT)/Helper/Info.plist";
				MACOSX_DEPLOYMENT_TARGET = 11.0;
				MARKETING_VERSION = 0.05;
				OTHER_LDFLAGS = (
					"-sectcreate",
					__TEXT,
					__info_plist,
					"\"$(SRCROOT)/Helper/Info.plist\"",
					"-sectcreate",
					__TEXT,
					__launchd_plist,
					"\"$(SRCROOT)/Helper/Launchd.plist\"",
				);
				PRODUCT_NAME = "$(TARGET_NAME)";
				SWIFT_VERSION = 5.0;
			};
			name = Release;
		};
/* End XCBuildConfiguration section */

/* Begin XCConfigurationList section */
		813F4F572763BF5C00BDC165 /* Build configuration list for PBXNativeTarget "Migrator Tool" */ = {
			isa = XCConfigurationList;
			buildConfigurations = (
				813F4F582763BF5C00BDC165 /* Debug */,
				813F4F592763BF5C00BDC165 /* Release */,
			);
			defaultConfigurationIsVisible = 0;
			defaultConfigurationName = Release;
		};
		8181223A2745A74300BBE9A3 /* Build configuration list for PBXProject "Enterprise Migration Assistant" */ = {
			isa = XCConfigurationList;
			buildConfigurations = (
				8181224C2745A74500BBE9A3 /* Debug */,
				8181224D2745A74500BBE9A3 /* Release */,
			);
			defaultConfigurationIsVisible = 0;
			defaultConfigurationName = Release;
		};
		8181224E2745A74500BBE9A3 /* Build configuration list for PBXNativeTarget "Enterprise Migration Assistant" */ = {
			isa = XCConfigurationList;
			buildConfigurations = (
				8181224F2745A74500BBE9A3 /* Debug */,
				818122502745A74500BBE9A3 /* Release */,
			);
			defaultConfigurationIsVisible = 0;
			defaultConfigurationName = Release;
		};
		81A2EFFA2760FB5D00F002F3 /* Build configuration list for PBXNativeTarget "com.github.cybertunnel.Enterprise-Migration-Assistant.helper" */ = {
			isa = XCConfigurationList;
			buildConfigurations = (
				81A2EFF82760FB5D00F002F3 /* Debug */,
				81A2EFF92760FB5D00F002F3 /* Release */,
			);
			defaultConfigurationIsVisible = 0;
			defaultConfigurationName = Release;
		};
/* End XCConfigurationList section */
	};
	rootObject = 818122372745A74300BBE9A3 /* Project object */;
}
